
Microsoft Visual Studio Solution File, Format Version 12.00
# Visual Studio 2017
Project("{FAE04EC0-301F-11D3-BF4B-00C04F79EFBC}") = "GuardsnNinja", "GuardsnNinja.csproj", "{3446E10F-1B19-1A16-3F34-51B856DB3D54}"
EndProject
Project("{FAE04EC0-301F-11D3-BF4B-00C04F79EFBC}") = "GuardsnNinja.Plugins", "GuardsnNinja.Plugins.csproj", "{D843B7A7-D13E-E229-E499-498B92E79439}"
EndProject
Project("{FAE04EC0-301F-11D3-BF4B-00C04F79EFBC}") = "GuardsnNinja.Editor.Plugins", "GuardsnNinja.Editor.Plugins.csproj", "{53148BD1-E3BA-968B-210D-CB0DFD96221B}"
EndProject
Global
	GlobalSection(SolutionConfigurationPlatforms) = preSolution
		Debug|Any CPU = Debug|Any CPU
		Release|Any CPU = Release|Any CPU
	EndGlobalSection
	GlobalSection(ProjectConfigurationPlatforms) = postSolution
		{3446E10F-1B19-1A16-3F34-51B856DB3D54}.Debug|Any CPU.ActiveCfg = Debug|Any CPU
		{3446E10F-1B19-1A16-3F34-51B856DB3D54}.Debug|Any CPU.Build.0 = Debug|Any CPU
		{3446E10F-1B19-1A16-3F34-51B856DB3D54}.Release|Any CPU.ActiveCfg = Release|Any CPU
		{3446E10F-1B19-1A16-3F34-51B856DB3D54}.Release|Any CPU.Build.0 = Release|Any CPU
		{D843B7A7-D13E-E229-E499-498B92E79439}.Debug|Any CPU.ActiveCfg = Debug|Any CPU
		{D843B7A7-D13E-E229-E499-498B92E79439}.Debug|Any CPU.Build.0 = Debug|Any CPU
		{D843B7A7-D13E-E229-E499-498B92E79439}.Release|Any CPU.ActiveCfg = Release|Any CPU
		{D843B7A7-D13E-E229-E499-498B92E79439}.Release|Any CPU.Build.0 = Release|Any CPU
		{53148BD1-E3BA-968B-210D-CB0DFD96221B}.Debug|Any CPU.ActiveCfg = Debug|Any CPU
		{53148BD1-E3BA-968B-210D-CB0DFD96221B}.Debug|Any CPU.Build.0 = Debug|Any CPU
		{53148BD1-E3BA-968B-210D-CB0DFD96221B}.Release|Any CPU.ActiveCfg = Release|Any CPU
		{53148BD1-E3BA-968B-210D-CB0DFD96221B}.Release|Any CPU.Build.0 = Release|Any CPU
	EndGlobalSection
	GlobalSection(SolutionProperties) = preSolution
		HideSolutionNode = FALSE
	EndGlobalSection
EndGlobal
